<?xml version="1.0" encoding="utf-8"?>
<Project ToolsVersion="4.0" xmlns="http://schemas.microsoft.com/developer/msbuild/2003">
  <ItemGroup>
    <Filter Include="來源檔案">
      <UniqueIdentifier>{4FC737F1-C7A5-4376-A066-2A32D752A2FF}</UniqueIdentifier>
      <Extensions>cpp;c;cc;cxx;def;odl;idl;hpj;bat;asm;asmx</Extensions>
    </Filter>
    <Filter Include="標頭檔">
      <UniqueIdentifier>{93995380-89BD-4b04-88EB-625FBE52EBFB}</UniqueIdentifier>
      <Extensions>h;hh;hpp;hxx;hm;inl;inc;xsd</Extensions>
    </Filter>
    <Filter Include="資源檔">
      <UniqueIdentifier>{67DA6AB6-F800-4c08-8B7A-83BB121AAD01}</UniqueIdentifier>
      <Extensions>rc;ico;cur;bmp;dlg;rc2;rct;bin;rgs;gif;jpg;jpeg;jpe;resx;tiff;tif;png;wav;mfcribbon-ms</Extensions>
    </Filter>
  </ItemGroup>
  <ItemGroup>
    <ClCompile Include="MainForm.cpp">
      <Filter>來源檔案</Filter>
    </ClCompile>
    <ClCompile Include="VesselObject.cpp">
      <Filter>來源檔案</Filter>
    </ClCompile>
    <ClCompile Include="Shell.cpp">
      <Filter>來源檔案</Filter>
    </ClCompile>
    <ClCompile Include="VesselCV.cpp">
      <Filter>來源檔案</Filter>
    </ClCompile>
    <ClCompile Include="Command.cpp">
      <Filter>來源檔案</Filter>
    </ClCompile>
    <ClCompile Include="Team.cpp">
      <Filter>來源檔案</Filter>
    </ClCompile>
    <ClCompile Include="VesselBB.cpp">
      <Filter>來源檔案</Filter>
    </ClCompile>
    <ClCompile Include="VesselCG.cpp">
      <Filter>來源檔案</Filter>
    </ClCompile>
    <ClCompile Include="VesselDD.cpp">
      <Filter>來源檔案</Filter>
    </ClCompile>
    <ClCompile Include="VesselLV.cpp">
      <Filter>來源檔案</Filter>
    </ClCompile>
    <ClCompile Include="GeographicSystem.cpp">
      <Filter>來源檔案</Filter>
    </ClCompile>
    <ClCompile Include="Reef.cpp">
      <Filter>來源檔案</Filter>
    </ClCompile>
    <ClCompile Include="VesselAH.cpp">
      <Filter>來源檔案</Filter>
    </ClCompile>
    <ClCompile Include="Torpedo.cpp">
      <Filter>來源檔案</Filter>
    </ClCompile>
    <ClCompile Include="Flatland.cpp">
      <Filter>來源檔案</Filter>
    </ClCompile>
    <ClCompile Include="Mountain.cpp">
      <Filter>來源檔案</Filter>
    </ClCompile>
    <ClCompile Include="HydrometeorologicSystem.cpp">
      <Filter>來源檔案</Filter>
    </ClCompile>
    <ClCompile Include="Lightning.cpp">
      <Filter>來源檔案</Filter>
    </ClCompile>
    <ClCompile Include="Typhoon.cpp">
      <Filter>來源檔案</Filter>
    </ClCompile>
    <ClCompile Include="Fog.cpp">
      <Filter>來源檔案</Filter>
    </ClCompile>
  </ItemGroup>
  <ItemGroup>
    <ClInclude Include="MainForm.h">
      <Filter>標頭檔</Filter>
    </ClInclude>
    <ClInclude Include="VesselObject.h">
      <Filter>標頭檔</Filter>
    </ClInclude>
    <ClInclude Include="Shell.h">
      <Filter>標頭檔</Filter>
    </ClInclude>
    <ClInclude Include="VesselCV.h">
      <Filter>標頭檔</Filter>
    </ClInclude>
    <ClInclude Include="Command.h">
      <Filter>標頭檔</Filter>
    </ClInclude>
    <ClInclude Include="RenderParameter.h">
      <Filter>標頭檔</Filter>
    </ClInclude>
    <ClInclude Include="Team.h">
      <Filter>標頭檔</Filter>
    </ClInclude>
    <ClInclude Include="VesselBB.h">
      <Filter>標頭檔</Filter>
    </ClInclude>
    <ClInclude Include="VesselCG.h">
      <Filter>標頭檔</Filter>
    </ClInclude>
    <ClInclude Include="VesselDD.h">
      <Filter>標頭檔</Filter>
    </ClInclude>
    <ClInclude Include="VesselLV.h">
      <Filter>標頭檔</Filter>
    </ClInclude>
    <ClInclude Include="GeographicSystem.h">
      <Filter>標頭檔</Filter>
    </ClInclude>
    <ClInclude Include="Reef.h">
      <Filter>標頭檔</Filter>
    </ClInclude>
    <ClInclude Include="VesselAH.h">
      <Filter>標頭檔</Filter>
    </ClInclude>
    <ClInclude Include="Torpedo.h">
      <Filter>標頭檔</Filter>
    </ClInclude>
    <ClInclude Include="Flatland.h">
      <Filter>標頭檔</Filter>
    </ClInclude>
    <ClInclude Include="Mountain.h">
      <Filter>標頭檔</Filter>
    </ClInclude>
    <ClInclude Include="HydrometeorologicSystem.h">
      <Filter>標頭檔</Filter>
    </ClInclude>
    <ClInclude Include="Lightning.h">
      <Filter>標頭檔</Filter>
    </ClInclude>
    <ClInclude Include="Typhoon.h">
      <Filter>標頭檔</Filter>
    </ClInclude>
    <ClInclude Include="Fog.h">
      <Filter>標頭檔</Filter>
    </ClInclude>
  </ItemGroup>
  <ItemGroup>
    <EmbeddedResource Include="MainForm.resx">
      <Filter>資源檔</Filter>
    </EmbeddedResource>
  </ItemGroup>
</Project>